
Microsoft Visual Studio Solution File, Format Version 12.00
# Visual Studio Version 17
VisualStudioVersion = 17.5.33424.131
MinimumVisualStudioVersion = 10.0.40219.1
Project("{2150E333-8FDC-42A3-9474-1A3956D46DE8}") = "FrontEnd", "FrontEnd", "{DBEF0B3A-3858-45ED-A89A-7D943B94F6FA}"
EndProject
Project("{2150E333-8FDC-42A3-9474-1A3956D46DE8}") = "Services", "Services", "{11815687-A24B-4E17-BBB5-DE8D7FD11EF4}"
EndProject
Project("{9A19103F-16F7-4668-BE54-9A1E7A4F7556}") = "GeekShopping.Web", "GeekShopping.Web\GeekShopping.Web.csproj", "{A0EDF34C-9FB8-44B2-9B39-A63CA87C868C}"
EndProject
Project("{9A19103F-16F7-4668-BE54-9A1E7A4F7556}") = "GeekShopping.ProductAPI", "GeekShopping.ProductAPI\GeekShopping.ProductAPI.csproj", "{68E9CA68-3DF0-4C5E-B406-05E9BD2F46D7}"
EndProject
Project("{9A19103F-16F7-4668-BE54-9A1E7A4F7556}") = "GeekShopping.IdentityServer", "GeekShopping.IdentityServer\GeekShopping.IdentityServer.csproj", "{8EEA7FE4-AC32-4EAD-B47D-E8695D32C502}"
EndProject
Project("{9A19103F-16F7-4668-BE54-9A1E7A4F7556}") = "GeekShopping.CartAPI", "GeekShopping.CartAPI\GeekShopping.CartAPI.csproj", "{05DB95EB-81AF-4501-9ECE-05E5471BCB28}"
EndProject
Project("{FAE04EC0-301F-11D3-BF4B-00C04F79EFBC}") = "GeekShopping.CouponAPI", "GeekShopping.CouponAPI\GeekShopping.CouponAPI.csproj", "{4C332EDA-1938-40F3-87FE-FE37D6AF4FA2}"
EndProject
Global
	GlobalSection(SolutionConfigurationPlatforms) = preSolution
		Debug|Any CPU = Debug|Any CPU
		Release|Any CPU = Release|Any CPU
	EndGlobalSection
	GlobalSection(ProjectConfigurationPlatforms) = postSolution
		{A0EDF34C-9FB8-44B2-9B39-A63CA87C868C}.Debug|Any CPU.ActiveCfg = Debug|Any CPU
		{A0EDF34C-9FB8-44B2-9B39-A63CA87C868C}.Debug|Any CPU.Build.0 = Debug|Any CPU
		{A0EDF34C-9FB8-44B2-9B39-A63CA87C868C}.Release|Any CPU.ActiveCfg = Release|Any CPU
		{A0EDF34C-9FB8-44B2-9B39-A63CA87C868C}.Release|Any CPU.Build.0 = Release|Any CPU
		{68E9CA68-3DF0-4C5E-B406-05E9BD2F46D7}.Debug|Any CPU.ActiveCfg = Debug|Any CPU
		{68E9CA68-3DF0-4C5E-B406-05E9BD2F46D7}.Debug|Any CPU.Build.0 = Debug|Any CPU
		{68E9CA68-3DF0-4C5E-B406-05E9BD2F46D7}.Release|Any CPU.ActiveCfg = Release|Any CPU
		{68E9CA68-3DF0-4C5E-B406-05E9BD2F46D7}.Release|Any CPU.Build.0 = Release|Any CPU
		{8EEA7FE4-AC32-4EAD-B47D-E8695D32C502}.Debug|Any CPU.ActiveCfg = Debug|Any CPU
		{8EEA7FE4-AC32-4EAD-B47D-E8695D32C502}.Debug|Any CPU.Build.0 = Debug|Any CPU
		{8EEA7FE4-AC32-4EAD-B47D-E8695D32C502}.Release|Any CPU.ActiveCfg = Release|Any CPU
		{8EEA7FE4-AC32-4EAD-B47D-E8695D32C502}.Release|Any CPU.Build.0 = Release|Any CPU
		{05DB95EB-81AF-4501-9ECE-05E5471BCB28}.Debug|Any CPU.ActiveCfg = Debug|Any CPU
		{05DB95EB-81AF-4501-9ECE-05E5471BCB28}.Debug|Any CPU.Build.0 = Debug|Any CPU
		{05DB95EB-81AF-4501-9ECE-05E5471BCB28}.Release|Any CPU.ActiveCfg = Release|Any CPU
		{05DB95EB-81AF-4501-9ECE-05E5471BCB28}.Release|Any CPU.Build.0 = Release|Any CPU
		{4C332EDA-1938-40F3-87FE-FE37D6AF4FA2}.Debug|Any CPU.ActiveCfg = Debug|Any CPU
		{4C332EDA-1938-40F3-87FE-FE37D6AF4FA2}.Debug|Any CPU.Build.0 = Debug|Any CPU
		{4C332EDA-1938-40F3-87FE-FE37D6AF4FA2}.Release|Any CPU.ActiveCfg = Release|Any CPU
		{4C332EDA-1938-40F3-87FE-FE37D6AF4FA2}.Release|Any CPU.Build.0 = Release|Any CPU
	EndGlobalSection
	GlobalSection(SolutionProperties) = preSolution
		HideSolutionNode = FALSE
	EndGlobalSection
	GlobalSection(NestedProjects) = preSolution
		{A0EDF34C-9FB8-44B2-9B39-A63CA87C868C} = {DBEF0B3A-3858-45ED-A89A-7D943B94F6FA}
		{68E9CA68-3DF0-4C5E-B406-05E9BD2F46D7} = {11815687-A24B-4E17-BBB5-DE8D7FD11EF4}
		{8EEA7FE4-AC32-4EAD-B47D-E8695D32C502} = {11815687-A24B-4E17-BBB5-DE8D7FD11EF4}
		{05DB95EB-81AF-4501-9ECE-05E5471BCB28} = {11815687-A24B-4E17-BBB5-DE8D7FD11EF4}
		{4C332EDA-1938-40F3-87FE-FE37D6AF4FA2} = {11815687-A24B-4E17-BBB5-DE8D7FD11EF4}
	EndGlobalSection
	GlobalSection(ExtensibilityGlobals) = postSolution
		SolutionGuid = {C8454D74-1172-48D7-881E-BE1748FCF41D}
	EndGlobalSection
EndGlobal
